github.com/NYTimes/gziphandler v1.1.1 h1:ZUDjpQae29j0ryrS0u/B8HZfJBtBQHjqw2rQ2cqUQ3I=
github.com/NYTimes/gziphandler v1.1.1/go.mod h1:n/CVRwUEOgIxrgPvAQhUUr9oeUtvrhMomdKFjzJNB0c=
github.com/davecgh/go-spew v1.1.0/go.mod h1:J7Y8YcW2NihsgmVo/mv3lAwl/skON4iLHjSsI+c5H38=
github.com/go-test/deep v1.0.7 h1:/VSMRlnY/JSyqxQUzQLKVMAskpY/NZKFA5j2P+0pP2M=
github.com/go-test/deep v1.0.7/go.mod h1:QV8Hv/iy04NyLBxAdO9njL0iVPN1S4d/A3NVv1V36o8=
github.com/jamesruan/sodium v0.0.0-20181216154042-9620b83ffeae h1:FFafUVNizQIaIHAqmDKXQlZ+8/LplHZbL11emgcto+M=
github.com/jamesruan/sodium v0.0.0-20181216154042-9620b83ffeae/go.mod h1:GZ0frHfchUw9cjP3CK1J7+M74KNo7zrhffQxTeuf5I8=
github.com/pmezard/go-difflib v1.0.0/go.mod h1:iKH77koFhYxTK1pcRnkKkqfTogsbg7gZNVY4sRDYZ/4=
github.com/stretchr/objx v0.1.0/go.mod h1:HFkY916IF+rwdDfMAkV7OtwuqBVzrE8GR6GFx+wExME=
github.com/stretchr/testify v1.3.0/go.mod h1:M5WIy9Dh21IEIfnGCwXGc5bZfKNJtfHm1UVUgZn+9EI=
